
Microsoft Visual Studio Solution File, Format Version 12.00
# Visual Studio Version 16
VisualStudioVersion = 16.0.31702.278
MinimumVisualStudioVersion = 10.0.40219.1
Project("{FAE04EC0-301F-11D3-BF4B-00C04F79EFBC}") = "UWPWeather", "UWPWeather\UWPWeather.csproj", "{892DD71E-33AE-431C-9F92-922790DC1989}"
EndProject
Global
	GlobalSection(SolutionConfigurationPlatforms) = preSolution
		Debug|ARM = Debug|ARM
		Debug|ARM64 = Debug|ARM64
		Debug|x64 = Debug|x64
		Debug|x86 = Debug|x86
		Release|ARM = Release|ARM
		Release|ARM64 = Release|ARM64
		Release|x64 = Release|x64
		Release|x86 = Release|x86
	EndGlobalSection
	GlobalSection(ProjectConfigurationPlatforms) = postSolution
		{892DD71E-33AE-431C-9F92-922790DC1989}.Debug|ARM.ActiveCfg = Debug|ARM
		{892DD71E-33AE-431C-9F92-922790DC1989}.Debug|ARM.Build.0 = Debug|ARM
		{892DD71E-33AE-431C-9F92-922790DC1989}.Debug|ARM.Deploy.0 = Debug|ARM
		{892DD71E-33AE-431C-9F92-922790DC1989}.Debug|ARM64.ActiveCfg = Debug|ARM64
		{892DD71E-33AE-431C-9F92-922790DC1989}.Debug|ARM64.Build.0 = Debug|ARM64
		{892DD71E-33AE-431C-9F92-922790DC1989}.Debug|ARM64.Deploy.0 = Debug|ARM64
		{892DD71E-33AE-431C-9F92-922790DC1989}.Debug|x64.ActiveCfg = Debug|x64
		{892DD71E-33AE-431C-9F92-922790DC1989}.Debug|x64.Build.0 = Debug|x64
		{892DD71E-33AE-431C-9F92-922790DC1989}.Debug|x64.Deploy.0 = Debug|x64
		{892DD71E-33AE-431C-9F92-922790DC1989}.Debug|x86.ActiveCfg = Debug|x86
		{892DD71E-33AE-431C-9F92-922790DC1989}.Debug|x86.Build.0 = Debug|x86
		{892DD71E-33AE-431C-9F92-922790DC1989}.Debug|x86.Deploy.0 = Debug|x86
		{892DD71E-33AE-431C-9F92-922790DC1989}.Release|ARM.ActiveCfg = Release|ARM
		{892DD71E-33AE-431C-9F92-922790DC1989}.Release|ARM.Build.0 = Release|ARM
		{892DD71E-33AE-431C-9F92-922790DC1989}.Release|ARM.Deploy.0 = Release|ARM
		{892DD71E-33AE-431C-9F92-922790DC1989}.Release|ARM64.ActiveCfg = Release|ARM64
		{892DD71E-33AE-431C-9F92-922790DC1989}.Release|ARM64.Build.0 = Release|ARM64
		{892DD71E-33AE-431C-9F92-922790DC1989}.Release|ARM64.Deploy.0 = Release|ARM64
		{892DD71E-33AE-431C-9F92-922790DC1989}.Release|x64.ActiveCfg = Release|x64
		{892DD71E-33AE-431C-9F92-922790DC1989}.Release|x64.Build.0 = Release|x64
		{892DD71E-33AE-431C-9F92-922790DC1989}.Release|x64.Deploy.0 = Release|x64
		{892DD71E-33AE-431C-9F92-922790DC1989}.Release|x86.ActiveCfg = Release|x86
		{892DD71E-33AE-431C-9F92-922790DC1989}.Release|x86.Build.0 = Release|x86
		{892DD71E-33AE-431C-9F92-922790DC1989}.Release|x86.Deploy.0 = Release|x86
	EndGlobalSection
	GlobalSection(SolutionProperties) = preSolution
		HideSolutionNode = FALSE
	EndGlobalSection
	GlobalSection(ExtensibilityGlobals) = postSolution
		SolutionGuid = {02C01DCE-E164-46EF-81C5-019C697EA3E6}
	EndGlobalSection
EndGlobal
